{
  "name": "node-webidl",
  "version": "1.0.0",
  "lockfileVersion": 1,
  "requires": true,
  "dependencies": {
    "co": {
      "version": "4.6.0",
      "resolved": "https://registry.npmjs.org/co/-/co-4.6.0.tgz",
      "integrity": "sha1-bqa989hTrlTMuOR7+gvz+QMfsYQ="
    },
    "pn": {
      "version": "1.1.0",
      "resolved": "https://registry.npmjs.org/pn/-/pn-1.1.0.tgz",
      "integrity": "sha512-2qHaIQr2VLRFoxe2nASzsV6ef4yOOH+Fi9FBOVH6cqeSgUnoyySPZkxzLuzd+RYOQTRpROA0ztTMqxROKSb/nA=="
    },
    "prettier": {
      "version": "1.17.1",
      "resolved": "https://registry.npmjs.org/prettier/-/prettier-1.17.1.tgz",
      "integrity": "sha512-TzGRNvuUSmPgwivDqkZ9tM/qTGW9hqDKWOE9YHiyQdixlKbv7kvEqsmDPrcHJTKwthU774TQwZXVtaQ/mMsvjg=="
    },
    "webidl-conversions": {
      "version": "4.0.2",
      "resolved": "https://registry.npmjs.org/webidl-conversions/-/webidl-conversions-4.0.2.tgz",
      "integrity": "sha512-YQ+BmxuTgd6UXZW3+ICGfyqRyHXVlD5GtQr5+qjiNW7bF0cqrzX500HVXPBOvgXb5YnzDd+h0zqyv61KUD7+Sg=="
    },
    "webidl2": {
      "version": "10.3.3",
      "resolved": "https://registry.npmjs.org/webidl2/-/webidl2-10.3.3.tgz",
      "integrity": "sha512-C3rxCpkX2XQ9FW1EIllN0nW2zlN21S+PgE59xQ6ErI5awVaXYm3TTsDDsdCYIfwjVwNZZIpKjcW1xJF89ZlAew=="
    },
    "webidl2js": {
      "version": "9.2.2",
      "resolved": "https://registry.npmjs.org/webidl2js/-/webidl2js-9.2.2.tgz",
      "integrity": "sha512-TwMERJZIv866OWwNX0UPZOcdld6POsyRZIBEKjs4jWq0HWk/iqA/nh+lW+2GjGyz+imDsJs8UrggOVMK+Sc1aw==",
      "requires": {
        "co": "^4.6.0",
        "pn": "^1.1.0",
        "prettier": "^1.14.0",
        "webidl-conversions": "^4.0.0",
        "webidl2": "^10.3.3"
      }
    }
  }
}
